{
    "_readme": [
        "This file locks the dependencies of your project to a known state",
        "Read more about it at https://getcomposer.org/doc/01-basic-usage.md#installing-dependencies",
        "This file is @generated automatically"
    ],
    "content-hash": "d4b376f0358fd1edc1158fbe03821e38",
    "packages": [
        {
            "name": "linecorp/line-bot-sdk",
            "version": "6.0.0",
            "source": {
                "type": "git",
                "url": "https://github.com/line/line-bot-sdk-php.git",
                "reference": "88fc4afb3c50315708b1c4487845d9c03c44a62b"
            },
            "dist": {
                "type": "zip",
                "url": "https://api.github.com/repos/line/line-bot-sdk-php/zipball/88fc4afb3c50315708b1c4487845d9c03c44a62b",
                "reference": "88fc4afb3c50315708b1c4487845d9c03c44a62b",
                "shasum": ""
            },
            "require": {
                "ext-curl": "*",
                "ext-json": "*",
                "ext-sockets": "*",
                "php": ">=5.6"
            },
            "require-dev": {
                "ext-posix": "*",
                "orchestra/testbench": "*",
                "phpmd/phpmd": "~2.9",
                "phpunit/phpunit": "^4.8.36||^5||^6||^7",
                "squizlabs/php_codesniffer": "~3.5"
            },
            "suggest": {
                "apigen/apigen": "Install with roave/better-reflection:dev-master to generate docs",
                "roave/better-reflection": "Required by apigen/apigen:dev-master"
            },
            "type": "library",
            "extra": {
                "laravel": {
                    "providers": [
                        "LINE\\Laravel\\LINEBotServiceProvider"
                    ],
                    "aliases": {
                        "LINEBot": "LINE\\Laravel\\Facade\\LINEBot"
                    }
                }
            },
            "autoload": {
                "psr-4": {
                    "LINE\\": "src/"
                }
            },
            "notification-url": "https://packagist.org/downloads/",
            "license": [
                "Apache-2.0"
            ],
            "authors": [
                {
                    "name": "moznion",
                    "email": "moznion@gmail.com",
                    "role": "Retired"
                },
                {
                    "name": "Satoru Yoshihara",
                    "email": "vaduz0@gmail.com",
                    "role": "Maintainer"
                },
                {
                    "name": "Satoshi Shibuya",
                    "email": "satosby@gmail.com",
                    "role": "Maintainer"
                },
                {
                    "name": "Shunsuke Mori",
                    "email": "morimorim7180@gmail.com",
                    "role": "Maintainer"
                }
            ],
            "description": "SDK of the LINE BOT API for PHP",
            "homepage": "https://github.com/line/line-bot-sdk-php",
            "keywords": [
                "bot",
                "line",
                "sdk"
            ],
            "support": {
                "issues": "https://github.com/line/line-bot-sdk-php/issues",
                "source": "https://github.com/line/line-bot-sdk-php/tree/6.0.0"
            },
            "time": "2020-10-16T06:03:35+00:00"
        }
    ],
    "packages-dev": [],
    "aliases": [],
    "minimum-stability": "stable",
    "stability-flags": [],
    "prefer-stable": false,
    "prefer-lowest": false,
    "platform": [],
    "platform-dev": [],
    "plugin-api-version": "2.0.0"
}
